
Microsoft Visual Studio Solution File, Format Version 12.00
# Visual Studio 15
VisualStudioVersion = 15.0.28010.2041
MinimumVisualStudioVersion = 10.0.40219.1
Project("{9A19103F-16F7-4668-BE54-9A1E7A4F7556}") = "MemoryGame", "MemoryGame\MemoryGame.csproj", "{CE9ED162-1ABB-4D72-8F00-DD93D714B8D0}"
EndProject
Global
	GlobalSection(SolutionConfigurationPlatforms) = preSolution
		Debug|Any CPU = Debug|Any CPU
		Release|Any CPU = Release|Any CPU
	EndGlobalSection
	GlobalSection(ProjectConfigurationPlatforms) = postSolution
		{CE9ED162-1ABB-4D72-8F00-DD93D714B8D0}.Debug|Any CPU.ActiveCfg = Debug|Any CPU
		{CE9ED162-1ABB-4D72-8F00-DD93D714B8D0}.Debug|Any CPU.Build.0 = Debug|Any CPU
		{CE9ED162-1ABB-4D72-8F00-DD93D714B8D0}.Release|Any CPU.ActiveCfg = Release|Any CPU
		{CE9ED162-1ABB-4D72-8F00-DD93D714B8D0}.Release|Any CPU.Build.0 = Release|Any CPU
	EndGlobalSection
	GlobalSection(SolutionProperties) = preSolution
		HideSolutionNode = FALSE
	EndGlobalSection
	GlobalSection(ExtensibilityGlobals) = postSolution
		SolutionGuid = {3D69D14E-4475-4E11-A943-B95D3072F5E7}
	EndGlobalSection
EndGlobal
